<?xml version="1.0" encoding="utf-8"?>
<Project ToolsVersion="4.0" xmlns="http://schemas.microsoft.com/developer/msbuild/2003">
  <ItemGroup>
    <Filter Include="export">
      <UniqueIdentifier>{753017bc-6d09-4770-ad54-2c1c60ad6bbf}</UniqueIdentifier>
    </Filter>
    <Filter Include="src">
      <UniqueIdentifier>{622d0f9a-1d95-48e1-bf42-f07e40fce4e2}</UniqueIdentifier>
    </Filter>
    <Filter Include="resource">
      <UniqueIdentifier>{8724deac-d808-468f-9f39-0607600d5104}</UniqueIdentifier>
    </Filter>
    <Filter Include="src\SteamApiWrapper">
      <UniqueIdentifier>{ec107f8a-7e00-4c72-ab8e-6eb2405e45b2}</UniqueIdentifier>
    </Filter>
    <Filter Include="src\WindowManager">
      <UniqueIdentifier>{b8bad0c3-f7c5-436e-8fad-34c5d2285fd4}</UniqueIdentifier>
    </Filter>
    <Filter Include="src\Hooks">
      <UniqueIdentifier>{ddd334d6-1846-4358-a268-a1b9d5aaaa6e}</UniqueIdentifier>
    </Filter>
    <Filter Include="depends">
      <UniqueIdentifier>{dc745b49-4fe9-4411-b5c7-30648da3086b}</UniqueIdentifier>
    </Filter>
    <Filter Include="depends\ImGui">
      <UniqueIdentifier>{ae4e1725-3232-439d-a1e8-ef5d955d7e27}</UniqueIdentifier>
    </Filter>
    <Filter Include="src\PaletteManager">
      <UniqueIdentifier>{02c18b71-e60a-4dac-a70d-f7d3f019a4e6}</UniqueIdentifier>
    </Filter>
    <Filter Include="src\D3D9EXWrapper">
      <UniqueIdentifier>{61d9aa73-5286-48a2-87b3-fd874d650113}</UniqueIdentifier>
    </Filter>
    <Filter Include="src\Game">
      <UniqueIdentifier>{3d209caf-f580-415c-afde-1c675ac882db}</UniqueIdentifier>
    </Filter>
    <Filter Include="src\Web">
      <UniqueIdentifier>{448b2155-3c81-4718-a1dd-288c741605ed}</UniqueIdentifier>
    </Filter>
  </ItemGroup>
  <ItemGroup>
    <None Include="export\dinput8.def">
      <Filter>export</Filter>
    </None>
    <None Include="resource\settings.ini">
      <Filter>resource</Filter>
    </None>
    <None Include="src\Core\settings.def">
      <Filter>src</Filter>
    </None>
  </ItemGroup>
  <ItemGroup>
    <ClCompile Include="src\SteamApiWrapper\SteamFriendsWrapper.cpp">
      <Filter>src\SteamApiWrapper</Filter>
    </ClCompile>
    <ClCompile Include="src\SteamApiWrapper\SteamMatchmakingWrapper.cpp">
      <Filter>src\SteamApiWrapper</Filter>
    </ClCompile>
    <ClCompile Include="src\SteamApiWrapper\SteamNetworkingWrapper.cpp">
      <Filter>src\SteamApiWrapper</Filter>
    </ClCompile>
    <ClCompile Include="src\SteamApiWrapper\SteamUserStatsWrapper.cpp">
      <Filter>src\SteamApiWrapper</Filter>
    </ClCompile>
    <ClCompile Include="src\SteamApiWrapper\SteamUserWrapper.cpp">
      <Filter>src\SteamApiWrapper</Filter>
    </ClCompile>
    <ClCompile Include="src\SteamApiWrapper\SteamUtilsWrapper.cpp">
      <Filter>src\SteamApiWrapper</Filter>
    </ClCompile>
    <ClCompile Include="src\D3D9EXWrapper\D3DXMath.cpp">
      <Filter>src\D3D9EXWrapper</Filter>
    </ClCompile>
    <ClCompile Include="src\D3D9EXWrapper\ID3D9EXWrapper.cpp">
      <Filter>src\D3D9EXWrapper</Filter>
    </ClCompile>
    <ClCompile Include="src\D3D9EXWrapper\ID3D9EXWrapper_Device.cpp">
      <Filter>src\D3D9EXWrapper</Filter>
    </ClCompile>
    <ClCompile Include="src\D3D9EXWrapper\ID3D9Wrapper_Sprite.cpp">
      <Filter>src\D3D9EXWrapper</Filter>
    </ClCompile>
    <ClCompile Include="src\D3D9EXWrapper\ID3DXWrapper_Effect.cpp">
      <Filter>src\D3D9EXWrapper</Filter>
    </ClCompile>
    <ClCompile Include="src\D3D9EXWrapper\D3D9Utils.cpp">
      <Filter>src\D3D9EXWrapper</Filter>
    </ClCompile>
    <ClCompile Include="src\Hooks\HookManager.cpp">
      <Filter>src\Hooks</Filter>
    </ClCompile>
    <ClCompile Include="src\Hooks\hooks_bbtag.cpp">
      <Filter>src\Hooks</Filter>
    </ClCompile>
    <ClCompile Include="src\Hooks\hooks_steamApiWrapper.cpp">
      <Filter>src\Hooks</Filter>
    </ClCompile>
    <ClCompile Include="depends\imgui\imgui.cpp">
      <Filter>depends\ImGui</Filter>
    </ClCompile>
    <ClCompile Include="depends\imgui\imgui_demo.cpp">
      <Filter>depends\ImGui</Filter>
    </ClCompile>
    <ClCompile Include="depends\imgui\imgui_draw.cpp">
      <Filter>depends\ImGui</Filter>
    </ClCompile>
    <ClCompile Include="depends\imgui\imgui_impl_dx9.cpp">
      <Filter>depends\ImGui</Filter>
    </ClCompile>
    <ClCompile Include="src\PaletteManager\PaletteManager.cpp">
      <Filter>src\PaletteManager</Filter>
    </ClCompile>
    <ClCompile Include="src\Game\characters.cpp">
      <Filter>src\Game</Filter>
    </ClCompile>
    <ClCompile Include="src\Game\CharHandle.cpp">
      <Filter>src\Game</Filter>
    </ClCompile>
    <ClCompile Include="src\Game\CharPaletteHandle.cpp">
      <Filter>src\Game</Filter>
    </ClCompile>
    <ClCompile Include="src\Game\MeterInfo.cpp">
      <Filter>src\Game</Filter>
    </ClCompile>
    <ClCompile Include="src\Game\Player.cpp">
      <Filter>src\Game</Filter>
    </ClCompile>
    <ClCompile Include="src\SteamApiWrapper\SteamApiHelper.cpp">
      <Filter>src\SteamApiWrapper</Filter>
    </ClCompile>
    <ClCompile Include="src\Hooks\hooks_detours.cpp">
      <Filter>src\Hooks</Filter>
    </ClCompile>
    <ClCompile Include="src\Web\donators_fetch.cpp">
      <Filter>src\Web</Filter>
    </ClCompile>
    <ClCompile Include="src\Web\update_check.cpp">
      <Filter>src\Web</Filter>
    </ClCompile>
    <ClCompile Include="src\Web\url_downloader.cpp">
      <Filter>src\Web</Filter>
    </ClCompile>
    <ClCompile Include="src\Web\palette_download.cpp">
      <Filter>src\Web</Filter>
    </ClCompile>
    <ClCompile Include="src\Core\bbtag_im.cpp">
      <Filter>src</Filter>
    </ClCompile>
    <ClCompile Include="src\Core\crashdump.cpp">
      <Filter>src</Filter>
    </ClCompile>
    <ClCompile Include="src\Core\interfaces.cpp">
      <Filter>src</Filter>
    </ClCompile>
    <ClCompile Include="src\Core\logger.cpp">
      <Filter>src</Filter>
    </ClCompile>
    <ClCompile Include="src\Core\main.cpp">
      <Filter>src</Filter>
    </ClCompile>
    <ClCompile Include="src\Core\Settings.cpp">
      <Filter>src</Filter>
    </ClCompile>
    <ClCompile Include="src\Core\utils.cpp">
      <Filter>src</Filter>
    </ClCompile>
    <ClCompile Include="src\Overlay\CustomHud.cpp">
      <Filter>src\WindowManager</Filter>
    </ClCompile>
    <ClCompile Include="src\Overlay\fonts.cpp">
      <Filter>src\WindowManager</Filter>
    </ClCompile>
    <ClCompile Include="src\Overlay\OverlayManager.cpp">
      <Filter>src\WindowManager</Filter>
    </ClCompile>
    <ClCompile Include="src\Overlay\Windows\DonatorsWindow.cpp" />
    <ClCompile Include="src\Overlay\Windows\Window.cpp" />
    <ClCompile Include="src\Overlay\Windows\DebugWindow.cpp" />
    <ClCompile Include="src\Overlay\Windows\LogWindow.cpp" />
    <ClCompile Include="src\Overlay\Windows\PaletteEditorWindow.cpp">
      <Filter>src\WindowManager</Filter>
    </ClCompile>
  </ItemGroup>
  <ItemGroup>
    <ClInclude Include="depends\imgui\imconfig.h">
      <Filter>depends\ImGui</Filter>
    </ClInclude>
    <ClInclude Include="depends\imgui\imgui.h">
      <Filter>depends\ImGui</Filter>
    </ClInclude>
    <ClInclude Include="depends\imgui\imgui_impl_dx9.h">
      <Filter>depends\ImGui</Filter>
    </ClInclude>
    <ClInclude Include="depends\imgui\imgui_internal.h">
      <Filter>depends\ImGui</Filter>
    </ClInclude>
    <ClInclude Include="depends\imgui\stb_rect_pack.h">
      <Filter>depends\ImGui</Filter>
    </ClInclude>
    <ClInclude Include="depends\imgui\stb_textedit.h">
      <Filter>depends\ImGui</Filter>
    </ClInclude>
    <ClInclude Include="depends\imgui\stb_truetype.h">
      <Filter>depends\ImGui</Filter>
    </ClInclude>
    <ClInclude Include="src\SteamApiWrapper\SteamFriendsWrapper.h">
      <Filter>src\SteamApiWrapper</Filter>
    </ClInclude>
    <ClInclude Include="src\SteamApiWrapper\SteamMatchmakingWrapper.h">
      <Filter>src\SteamApiWrapper</Filter>
    </ClInclude>
    <ClInclude Include="src\SteamApiWrapper\SteamNetworkingWrapper.h">
      <Filter>src\SteamApiWrapper</Filter>
    </ClInclude>
    <ClInclude Include="src\SteamApiWrapper\SteamUserStatsWrapper.h">
      <Filter>src\SteamApiWrapper</Filter>
    </ClInclude>
    <ClInclude Include="src\SteamApiWrapper\SteamUserWrapper.h">
      <Filter>src\SteamApiWrapper</Filter>
    </ClInclude>
    <ClInclude Include="src\SteamApiWrapper\SteamUtilsWrapper.h">
      <Filter>src\SteamApiWrapper</Filter>
    </ClInclude>
    <ClInclude Include="src\PaletteManager\impl_format.h">
      <Filter>src\PaletteManager</Filter>
    </ClInclude>
    <ClInclude Include="src\PaletteManager\PaletteManager.h">
      <Filter>src\PaletteManager</Filter>
    </ClInclude>
    <ClInclude Include="src\Hooks\HookManager.h">
      <Filter>src\Hooks</Filter>
    </ClInclude>
    <ClInclude Include="src\Hooks\hooks_bbtag.h">
      <Filter>src\Hooks</Filter>
    </ClInclude>
    <ClInclude Include="src\Hooks\hooks_steamApiWrapper.h">
      <Filter>src\Hooks</Filter>
    </ClInclude>
    <ClInclude Include="src\D3D9EXWrapper\d3d9.h">
      <Filter>src\D3D9EXWrapper</Filter>
    </ClInclude>
    <ClInclude Include="src\D3D9EXWrapper\D3D9Utils.h">
      <Filter>src\D3D9EXWrapper</Filter>
    </ClInclude>
    <ClInclude Include="src\D3D9EXWrapper\D3DXMath.h">
      <Filter>src\D3D9EXWrapper</Filter>
    </ClInclude>
    <ClInclude Include="src\D3D9EXWrapper\ID3D9EXWrapper.h">
      <Filter>src\D3D9EXWrapper</Filter>
    </ClInclude>
    <ClInclude Include="src\D3D9EXWrapper\ID3D9EXWrapper_Device.h">
      <Filter>src\D3D9EXWrapper</Filter>
    </ClInclude>
    <ClInclude Include="src\D3D9EXWrapper\ID3D9Wrapper_Sprite.h">
      <Filter>src\D3D9EXWrapper</Filter>
    </ClInclude>
    <ClInclude Include="src\D3D9EXWrapper\ID3DXWrapper_Effect.h">
      <Filter>src\D3D9EXWrapper</Filter>
    </ClInclude>
    <ClInclude Include="src\Game\characters.h">
      <Filter>src\Game</Filter>
    </ClInclude>
    <ClInclude Include="src\Game\CharHandle.h">
      <Filter>src\Game</Filter>
    </ClInclude>
    <ClInclude Include="src\Game\CharInfo.h">
      <Filter>src\Game</Filter>
    </ClInclude>
    <ClInclude Include="src\Game\CharPaletteHandle.h">
      <Filter>src\Game</Filter>
    </ClInclude>
    <ClInclude Include="src\Game\MeterInfo.h">
      <Filter>src\Game</Filter>
    </ClInclude>
    <ClInclude Include="src\Game\Player.h">
      <Filter>src\Game</Filter>
    </ClInclude>
    <ClInclude Include="src\Game\gamestates.h">
      <Filter>src\Game</Filter>
    </ClInclude>
    <ClInclude Include="src\SteamApiWrapper\SteamApiHelper.h">
      <Filter>src\SteamApiWrapper</Filter>
    </ClInclude>
    <ClInclude Include="src\Hooks\hooks_detours.h">
      <Filter>src\Hooks</Filter>
    </ClInclude>
    <ClInclude Include="src\Web\donators_fetch.h">
      <Filter>src\Web</Filter>
    </ClInclude>
    <ClInclude Include="src\Web\update_check.h">
      <Filter>src\Web</Filter>
    </ClInclude>
    <ClInclude Include="src\Web\url_downloader.h">
      <Filter>src\Web</Filter>
    </ClInclude>
    <ClInclude Include="src\Web\palette_download.h">
      <Filter>src\Web</Filter>
    </ClInclude>
    <ClInclude Include="src\Core\utils.h">
      <Filter>src</Filter>
    </ClInclude>
    <ClInclude Include="src\Core\bbtag_im.h">
      <Filter>src</Filter>
    </ClInclude>
    <ClInclude Include="src\Core\crashdump.h">
      <Filter>src</Filter>
    </ClInclude>
    <ClInclude Include="src\Core\info.h" />
    <ClInclude Include="src\Core\interfaces.h">
      <Filter>src</Filter>
    </ClInclude>
    <ClInclude Include="src\Core\logger.h">
      <Filter>src</Filter>
    </ClInclude>
    <ClInclude Include="src\Core\Settings.h">
      <Filter>src</Filter>
    </ClInclude>
    <ClInclude Include="src\Overlay\CustomHud.h">
      <Filter>src\WindowManager</Filter>
    </ClInclude>
    <ClInclude Include="src\Overlay\fonts.h">
      <Filter>src\WindowManager</Filter>
    </ClInclude>
    <ClInclude Include="src\Overlay\OverlayManager.h">
      <Filter>src\WindowManager</Filter>
    </ClInclude>
    <ClInclude Include="src\Overlay\Windows\Window.h" />
    <ClInclude Include="src\Overlay\Windows\DonatorsWindow.h" />
    <ClInclude Include="src\Overlay\Windows\DebugWindow.h" />
    <ClInclude Include="src\Overlay\Windows\LogWindow.h" />
    <ClInclude Include="src\Overlay\Windows\PaletteEditorWindow.h">
      <Filter>src\WindowManager</Filter>
    </ClInclude>
  </ItemGroup>
  <ItemGroup>
    <Text Include="resource\donators.txt">
      <Filter>resource</Filter>
    </Text>
  </ItemGroup>
</Project>